
Microsoft Visual Studio Solution File, Format Version 12.00
Project("{FAE04EC0-301F-11D3-BF4B-00C04F79EFBC}") = "GameStore.API", "GameStore.API\GameStore.API.csproj", "{C7322858-6C6B-4ACF-8A7D-13CBEAB76E7A}"
EndProject
Project("{2150E333-8FDC-42A3-9474-1A3956D46DE8}") = "Solution Items", "Solution Items", "{084D9141-0B4B-4707-B0F1-967D5F78102A}"
	ProjectSection(SolutionItems) = preProject
		docker-compose.yml = docker-compose.yml
	EndProjectSection
EndProject
Global
	GlobalSection(SolutionConfigurationPlatforms) = preSolution
		Debug|Any CPU = Debug|Any CPU
		Release|Any CPU = Release|Any CPU
	EndGlobalSection
	GlobalSection(ProjectConfigurationPlatforms) = postSolution
		{C7322858-6C6B-4ACF-8A7D-13CBEAB76E7A}.Debug|Any CPU.ActiveCfg = Debug|Any CPU
		{C7322858-6C6B-4ACF-8A7D-13CBEAB76E7A}.Debug|Any CPU.Build.0 = Debug|Any CPU
		{C7322858-6C6B-4ACF-8A7D-13CBEAB76E7A}.Release|Any CPU.ActiveCfg = Release|Any CPU
		{C7322858-6C6B-4ACF-8A7D-13CBEAB76E7A}.Release|Any CPU.Build.0 = Release|Any CPU
	EndGlobalSection
EndGlobal
