
Microsoft Visual Studio Solution File, Format Version 12.00
# Visual Studio Version 17
VisualStudioVersion = 17.5.002.0
MinimumVisualStudioVersion = 10.0.40219.1
Project("{9A19103F-16F7-4668-BE54-9A1E7A4F7556}") = "GameStore.API", "GameStore.API\GameStore.API.csproj", "{5FD64DFE-37F6-49AC-8CB5-6B2D6896740B}"
EndProject
Global
	GlobalSection(SolutionConfigurationPlatforms) = preSolution
		Debug|Any CPU = Debug|Any CPU
		Release|Any CPU = Release|Any CPU
	EndGlobalSection
	GlobalSection(ProjectConfigurationPlatforms) = postSolution
		{5FD64DFE-37F6-49AC-8CB5-6B2D6896740B}.Debug|Any CPU.ActiveCfg = Debug|Any CPU
		{5FD64DFE-37F6-49AC-8CB5-6B2D6896740B}.Debug|Any CPU.Build.0 = Debug|Any CPU
		{5FD64DFE-37F6-49AC-8CB5-6B2D6896740B}.Release|Any CPU.ActiveCfg = Release|Any CPU
		{5FD64DFE-37F6-49AC-8CB5-6B2D6896740B}.Release|Any CPU.Build.0 = Release|Any CPU
	EndGlobalSection
	GlobalSection(SolutionProperties) = preSolution
		HideSolutionNode = FALSE
	EndGlobalSection
	GlobalSection(ExtensibilityGlobals) = postSolution
		SolutionGuid = {FE7BD87F-DE39-450B-883A-751FD1DC62B0}
	EndGlobalSection
EndGlobal
